{
  "name": "ajs-package",
  "version": "1.0.0",
  "lockfileVersion": 1,
  "requires": true,
  "dependencies": {
    "nikitakurys/ajs": {
      "version": "1.0.0",
      "resolved": "https://npm.pkg.github.com/download/nikitakurys/ajs/1.0.0/556eb1586a65deb025598857ab53504805fa0f967c031e882d0db78540cfa0b5",
      "integrity": "sha512-4tLW7szwqJpGwtmkO6Tsh5PzPLcCiDyisJZ3vsbO9M1wv/atKEBjrD2NxhIC+VAYJEejgVrYtlfOPDX8cixmgw=="
    }
  }
}
